// !$*UTF8*$!
{
	archiveVersion = 1;
	classes = {
	};
	objectVersion = 46;
	objects = {

/* Begin PBXBuildFile section */
		EBD7C35F185286B8002989F8 /* Foundation.framework in Frameworks */ = {isa = PBXBuildFile; fileRef = EBD7C35E185286B8002989F8 /* Foundation.framework */; };
		EBD7C362185286B8002989F8 /* main.m in Sources */ = {isa = PBXBuildFile; fileRef = EBD7C361185286B8002989F8 /* main.m */; };
		EBD7C366185286B9002989F8 /* MovieEditor.1 in CopyFiles */ = {isa = PBXBuildFile; fileRef = EBD7C365185286B9002989F8 /* MovieEditor.1 */; };
/* End PBXBuildFile section */

/* Begin PBXCopyFilesBuildPhase section */
		EBD7C359185286B8002989F8 /* CopyFiles */ = {
			isa = PBXCopyFilesBuildPhase;
			buildActionMask = 2147483647;
			dstPath = /usr/share/man/man1/;
			dstSubfolderSpec = 0;
			files = (
				EBD7C366185286B9002989F8 /* MovieEditor.1 in CopyFiles */,
			);
			runOnlyForDeploymentPostprocessing = 1;
		};
/* End PBXCopyFilesBuildPhase section */

/* Begin PBXFileReference section */
		EBD7C35B185286B8002989F8 /* MovieEditor */ = {isa = PBXFileReference; explicitFileType = "compiled.mach-o.executable"; includeInIndex = 0; path = MovieEditor; sourceTree = BUILT_PRODUCTS_DIR; };
		EBD7C35E185286B8002989F8 /* Foundation.framework */ = {isa = PBXFileReference; lastKnownFileType = wrapper.framework; name = Foundation.framework; path = System/Library/Frameworks/Foundation.framework; sourceTree = SDKROOT; };
		EBD7C361185286B8002989F8 /* main.m */ = {isa = PBXFileReference; lastKnownFileType = sourcecode.c.objc; path = main.m; sourceTree = "<group>"; };
		EBD7C364185286B8002989F8 /* MovieEditor-Prefix.pch */ = {isa = PBXFileReference; lastKnownFileType = sourcecode.c.h; path = "MovieEditor-Prefix.pch"; sourceTree = "<group>"; };
		EBD7C365185286B9002989F8 /* MovieEditor.1 */ = {isa = PBXFileReference; lastKnownFileType = text.man; path = MovieEditor.1; sourceTree = "<group>"; };
/* End PBXFileReference section */

/* Begin PBXFrameworksBuildPhase section */
		EBD7C358185286B8002989F8 /* Frameworks */ = {
			isa = PBXFrameworksBuildPhase;
			buildActionMask = 2147483647;
			files = (
				EBD7C35F185286B8002989F8 /* Foundation.framework in Frameworks */,
			);
			runOnlyForDeploymentPostprocessing = 0;
		};
/* End PBXFrameworksBuildPhase section */

/* Begin PBXGroup section */
		EBD7C352185286B8002989F8 = {
			isa = PBXGroup;
			children = (
				EBD7C360185286B8002989F8 /* MovieEditor */,
				EBD7C35D185286B8002989F8 /* Frameworks */,
				EBD7C35C185286B8002989F8 /* Products */,
			);
			sourceTree = "<group>";
		};
		EBD7C35C185286B8002989F8 /* Products */ = {
			isa = PBXGroup;
			children = (
				EBD7C35B185286B8002989F8 /* MovieEditor */,
			);
			name = Products;
			sourceTree = "<group>";
		};
		EBD7C35D185286B8002989F8 /* Frameworks */ = {
			isa = PBXGroup;
			children = (
				EBD7C35E185286B8002989F8 /* Foundation.framework */,
			);
			name = Frameworks;
			sourceTree = "<group>";
		};
		EBD7C360185286B8002989F8 /* MovieEditor */ = {
			isa = PBXGroup;
			children = (
				EBD7C361185286B8002989F8 /* main.m */,
				EBD7C365185286B9002989F8 /* MovieEditor.1 */,
				EBD7C363185286B8002989F8 /* Supporting Files */,
			);
			path = MovieEditor;
			sourceTree = "<group>";
		};
		EBD7C363185286B8002989F8 /* Supporting Files */ = {
			isa = PBXGroup;
			children = (
				EBD7C364185286B8002989F8 /* MovieEditor-Prefix.pch */,
			);
			name = "Supporting Files";
			sourceTree = "<group>";
		};
/* End PBXGroup section */

/* Begin PBXNativeTarget section */
		EBD7C35A185286B8002989F8 /* MovieEditor */ = {
			isa = PBXNativeTarget;
			buildConfigurationList = EBD7C369185286B9002989F8 /* Build configuration list for PBXNativeTarget "MovieEditor" */;
			buildPhases = (
				EBD7C357185286B8002989F8 /* Sources */,
				EBD7C358185286B8002989F8 /* Frameworks */,
				EBD7C359185286B8002989F8 /* CopyFiles */,
			);
			buildRules = (
			);
			dependencies = (
			);
			name = MovieEditor;
			productName = MovieEditor;
			productReference = EBD7C35B185286B8002989F8 /* MovieEditor */;
			productType = "com.apple.product-type.tool";
		};
/* End PBXNativeTarget section */

/* Begin PBXProject section */
		EBD7C353185286B8002989F8 /* Project object */ = {
			isa = PBXProject;
			attributes = {
				LastUpgradeCheck = 0500;
				ORGANIZATIONNAME = Basuke;
			};
			buildConfigurationList = EBD7C356185286B8002989F8 /* Build configuration list for PBXProject "MovieEditor" */;
			compatibilityVersion = "Xcode 3.2";
			developmentRegion = English;
			hasScannedForEncodings = 0;
			knownRegions = (
				en,
			);
			mainGroup = EBD7C352185286B8002989F8;
			productRefGroup = EBD7C35C185286B8002989F8 /* Products */;
			projectDirPath = "";
			projectRoot = "";
			targets = (
				EBD7C35A185286B8002989F8 /* MovieEditor */,
			);
		};
/* End PBXProject section */

/* Begin PBXSourcesBuildPhase section */
		EBD7C357185286B8002989F8 /* Sources */ = {
			isa = PBXSourcesBuildPhase;
			buildActionMask = 2147483647;
			files = (
				EBD7C362185286B8002989F8 /* main.m in Sources */,
			);
			runOnlyForDeploymentPostprocessing = 0;
		};
/* End PBXSourcesBuildPhase section */

/* Begin XCBuildConfiguration section */
		EBD7C367185286B9002989F8 /* Debug */ = {
			isa = XCBuildConfiguration;
			buildSettings = {
				ALWAYS_SEARCH_USER_PATHS = NO;
				CLANG_CXX_LANGUAGE_STANDARD = "gnu++0x";
				CLANG_CXX_LIBRARY = "libc++";
				CLANG_ENABLE_OBJC_ARC = YES;
				CLANG_WARN_BOOL_CONVERSION = YES;
				CLANG_WARN_CONSTANT_CONVERSION = YES;
				CLANG_WARN_DIRECT_OBJC_ISA_USAGE = YES_ERROR;
				CLANG_WARN_EMPTY_BODY = YES;
				CLANG_WARN_ENUM_CONVERSION = YES;
				CLANG_WARN_INT_CONVERSION = YES;
				CLANG_WARN_OBJC_ROOT_CLASS = YES_ERROR;
				CLANG_WARN__DUPLICATE_METHOD_MATCH = YES;
				COPY_PHASE_STRIP = NO;
				GCC_C_LANGUAGE_STANDARD = gnu99;
				GCC_DYNAMIC_NO_PIC = NO;
				GCC_ENABLE_OBJC_EXCEPTIONS = YES;
				GCC_OPTIMIZATION_LEVEL = 0;
				GCC_PREPROCESSOR_DEFINITIONS = (
					"DEBUG=1",
					"$(inherited)",
				);
				GCC_SYMBOLS_PRIVATE_EXTERN = NO;
				GCC_WARN_64_TO_32_BIT_CONVERSION = YES;
				GCC_WARN_ABOUT_RETURN_TYPE = YES_ERROR;
				GCC_WARN_UNDECLARED_SELECTOR = YES;
				GCC_WARN_UNINITIALIZED_AUTOS = YES;
				GCC_WARN_UNUSED_FUNCTION = YES;
				GCC_WARN_UNUSED_VARIABLE = YES;
				MACOSX_DEPLOYMENT_TARGET = 10.9;
				ONLY_ACTIVE_ARCH = YES;
				SDKROOT = macosx;
			};
			name = Debug;
		};
		EBD7C368185286B9002989F8 /* Release */ = {
			isa = XCBuildConfiguration;
			buildSettings = {
				ALWAYS_SEARCH_USER_PATHS = NO;
				CLANG_CXX_LANGUAGE_STANDARD = "gnu++0x";
				CLANG_CXX_LIBRARY = "libc++";
				CLANG_ENABLE_OBJC_ARC = YES;
				CLANG_WARN_BOOL_CONVERSION = YES;
				CLANG_WARN_CONSTANT_CONVERSION = YES;
				CLANG_WARN_DIRECT_OBJC_ISA_USAGE = YES_ERROR;
				CLANG_WARN_EMPTY_BODY = YES;
				CLANG_WARN_ENUM_CONVERSION = YES;
				CLANG_WARN_INT_CONVERSION = YES;
				CLANG_WARN_OBJC_ROOT_CLASS = YES_ERROR;
				CLANG_WARN__DUPLICATE_METHOD_MATCH = YES;
				COPY_PHASE_STRIP = YES;
				DEBUG_INFORMATION_FORMAT = "dwarf-with-dsym";
				ENABLE_NS_ASSERTIONS = NO;
				GCC_C_LANGUAGE_STANDARD = gnu99;
				GCC_ENABLE_OBJC_EXCEPTIONS = YES;
				GCC_WARN_64_TO_32_BIT_CONVERSION = YES;
				GCC_WARN_ABOUT_RETURN_TYPE = YES_ERROR;
				GCC_WARN_UNDECLARED_SELECTOR = YES;
				GCC_WARN_UNINITIALIZED_AUTOS = YES;
				GCC_WARN_UNUSED_FUNCTION = YES;
				GCC_WARN_UNUSED_VARIABLE = YES;
				MACOSX_DEPLOYMENT_TARGET = 10.9;
				SDKROOT = macosx;
			};
			name = Release;
		};
		EBD7C36A185286B9002989F8 /* Debug */ = {
			isa = XCBuildConfiguration;
			buildSettings = {
				GCC_PRECOMPILE_PREFIX_HEADER = YES;
				GCC_PREFIX_HEADER = "MovieEditor/MovieEditor-Prefix.pch";
				PRODUCT_NAME = "$(TARGET_NAME)";
			};
			name = Debug;
		};
		EBD7C36B185286B9002989F8 /* Release */ = {
			isa = XCBuildConfiguration;
			buildSettings = {
				GCC_PRECOMPILE_PREFIX_HEADER = YES;
				GCC_PREFIX_HEADER = "MovieEditor/MovieEditor-Prefix.pch";
				PRODUCT_NAME = "$(TARGET_NAME)";
			};
			name = Release;
		};
/* End XCBuildConfiguration section */

/* Begin XCConfigurationList section */
		EBD7C356185286B8002989F8 /* Build configuration list for PBXProject "MovieEditor" */ = {
			isa = XCConfigurationList;
			buildConfigurations = (
				EBD7C367185286B9002989F8 /* Debug */,
				EBD7C368185286B9002989F8 /* Release */,
			);
			defaultConfigurationIsVisible = 0;
			defaultConfigurationName = Release;
		};
		EBD7C369185286B9002989F8 /* Build configuration list for PBXNativeTarget "MovieEditor" */ = {
			isa = XCConfigurationList;
			buildConfigurations = (
				EBD7C36A185286B9002989F8 /* Debug */,
				EBD7C36B185286B9002989F8 /* Release */,
			);
			defaultConfigurationIsVisible = 0;
		};
/* End XCConfigurationList section */
	};
	rootObject = EBD7C353185286B8002989F8 /* Project object */;
}
